
Microsoft Visual Studio Solution File, Format Version 12.00
# Visual Studio Version 17
VisualStudioVersion = 17.2.32505.173
MinimumVisualStudioVersion = 10.0.40219.1
Project("{9A19103F-16F7-4668-BE54-9A1E7A4F7556}") = "projekt1", "projekt1\projekt1.csproj", "{D76D2805-2A64-4CFA-ACEA-0E0EE1A57273}"
EndProject
Project("{9A19103F-16F7-4668-BE54-9A1E7A4F7556}") = "projekt2", "projekt2\projekt2.csproj", "{FD47B1D5-D29A-4E52-84E2-FFE8ED52E525}"
EndProject
Project("{9A19103F-16F7-4668-BE54-9A1E7A4F7556}") = "Figury", "Figury\Figury.csproj", "{4AC9FF64-9381-4428-AB26-5C3B430EFBA7}"
EndProject
Project("{9A19103F-16F7-4668-BE54-9A1E7A4F7556}") = "Delegaty", "Delegaty\Delegaty.csproj", "{74A5AECE-49FE-47B8-9926-266CDA5D594B}"
EndProject
Project("{9A19103F-16F7-4668-BE54-9A1E7A4F7556}") = "Typ Generyczny", "Typ Generyczny\Typ Generyczny.csproj", "{E4E88294-BFBA-4CF3-A239-645D782C2ED0}"
EndProject
Project("{9A19103F-16F7-4668-BE54-9A1E7A4F7556}") = "Kolekcje", "Kolekcje\Kolekcje.csproj", "{C877B5DF-949F-4D22-8D13-B65E233BED2C}"
EndProject
Project("{9A19103F-16F7-4668-BE54-9A1E7A4F7556}") = "Statyczność", "ConsoleApp1\Statyczność.csproj", "{4DD2C882-2C9F-4AF5-932E-1A1EC346E9FC}"
EndProject
Project("{2150E333-8FDC-42A3-9474-1A3956D46DE8}") = "Konsola", "Konsola", "{50F3C7E6-A57E-4E1D-B68E-7BB6611F0342}"
EndProject
Project("{2150E333-8FDC-42A3-9474-1A3956D46DE8}") = "WindowsForms", "WindowsForms", "{5635D3F9-B809-4270-A40D-79FBDEC562E9}"
EndProject
Project("{9A19103F-16F7-4668-BE54-9A1E7A4F7556}") = "PierwszeOkno", "PierwszeOkno\PierwszeOkno.csproj", "{76A3F706-A6A9-4667-8566-1217B7117212}"
EndProject
Project("{9A19103F-16F7-4668-BE54-9A1E7A4F7556}") = "Pesel", "Pesel\Pesel.csproj", "{2DAE03AB-BFCE-4D14-95E0-C152E193F3C1}"
EndProject
Project("{9A19103F-16F7-4668-BE54-9A1E7A4F7556}") = "DaneOsobowe", "DaneOsobowe\DaneOsobowe.csproj", "{B455759A-8813-4F9D-BCED-71E07DCBFE52}"
EndProject
Project("{2150E333-8FDC-42A3-9474-1A3956D46DE8}") = "BazyDanych", "BazyDanych", "{86489907-B300-42C8-8E81-E4718CA4ADA8}"
EndProject
Project("{9A19103F-16F7-4668-BE54-9A1E7A4F7556}") = "Uczniowie", "Uczniowie\Uczniowie.csproj", "{2996769B-4848-4CC8-A3A7-F2AD41D00303}"
EndProject
Project("{9A19103F-16F7-4668-BE54-9A1E7A4F7556}") = "Przelicznik", "PrzelicznikWalut\Przelicznik.csproj", "{20021847-027E-4F0B-AE2B-AC6315E3FAE1}"
EndProject
Project("{2150E333-8FDC-42A3-9474-1A3956D46DE8}") = "WPF", "WPF", "{6A017BB0-5C0C-45D3-B89F-7E063E1E8786}"
EndProject
Project("{9A19103F-16F7-4668-BE54-9A1E7A4F7556}") = "FirstWPFApp", "FirstWPFApp\FirstWPFApp.csproj", "{A214DF0C-7372-40EC-B26C-25D694315735}"
EndProject
Project("{9A19103F-16F7-4668-BE54-9A1E7A4F7556}") = "Containers", "Containers\Containers.csproj", "{D7487D5A-D3B8-4E5A-8834-F7F02C881D17}"
EndProject
Project("{9A19103F-16F7-4668-BE54-9A1E7A4F7556}") = "BindingApp", "BindingApp\BindingApp.csproj", "{FA6130AC-9DF2-4CF3-A535-410DCC991CA4}"
EndProject
Project("{9A19103F-16F7-4668-BE54-9A1E7A4F7556}") = "ComboBoxProject", "ComboBoxProject\ComboBoxProject.csproj", "{44073059-3A88-4E8B-AA1E-AEAC1B631670}"
EndProject
Project("{2150E333-8FDC-42A3-9474-1A3956D46DE8}") = "Zadania", "Zadania", "{7786DBF7-9F39-4ECE-AF7A-7E30AED46C4F}"
EndProject
Project("{9A19103F-16F7-4668-BE54-9A1E7A4F7556}") = "PodajImieWiek", "zadanie1\PodajImieWiek.csproj", "{9BEE4A8D-F946-4247-9A6F-7DD922F974A5}"
EndProject
Project("{9A19103F-16F7-4668-BE54-9A1E7A4F7556}") = "OnlyBindingApp", "OnlyBindingApp\OnlyBindingApp.csproj", "{1481F7FC-389E-48D8-8B24-F72B9A181BD4}"
EndProject
Project("{9A19103F-16F7-4668-BE54-9A1E7A4F7556}") = "FirstMVVMApp", "FirstMVVMApp\FirstMVVMApp.csproj", "{645EBE44-3108-401F-B0E1-33011E50D080}"
EndProject
Project("{9A19103F-16F7-4668-BE54-9A1E7A4F7556}") = "ConvertersWPFApp", "ConvertersWPFApp\ConvertersWPFApp.csproj", "{5C95FC32-6978-4468-A0BD-0D8940BB8BFB}"
EndProject
Project("{9A19103F-16F7-4668-BE54-9A1E7A4F7556}") = "SliderRGB", "SliderRGB\SliderRGB.csproj", "{5BBAF83B-18B2-4E0D-B9BC-9B156BB491B7}"
EndProject
Project("{9A19103F-16F7-4668-BE54-9A1E7A4F7556}") = "UtilitiesWPF", "UtilitiesWPF\UtilitiesWPF.csproj", "{0073B186-0F6F-43BF-BEC9-1049CC7B1A60}"
EndProject
Project("{9A19103F-16F7-4668-BE54-9A1E7A4F7556}") = "CalculatorWPF", "CalculatorWPF\CalculatorWPF.csproj", "{DC2EBDBE-63FE-42DF-81B1-9B0A5649DA55}"
EndProject
Project("{9A19103F-16F7-4668-BE54-9A1E7A4F7556}") = "LoginWPF", "LoginWPF\LoginWPF.csproj", "{96EE3BBC-6032-47E1-9BA9-0EFB8A0FB666}"
EndProject
Project("{9A19103F-16F7-4668-BE54-9A1E7A4F7556}") = "ClockWPFApp", "ClockWPFApp\ClockWPFApp.csproj", "{A2DD7E5F-4598-45ED-A414-3FADDB85D587}"
EndProject
Project("{9A19103F-16F7-4668-BE54-9A1E7A4F7556}") = "PhotoViewerWPFApp", "PhotoViewerWPFApp\PhotoViewerWPFApp.csproj", "{5CC5D6A0-E354-4621-B54A-1413A94EF063}"
EndProject
Project("{9A19103F-16F7-4668-BE54-9A1E7A4F7556}") = "Inf04StyczenApp", "Inf04StyczenApp\Inf04StyczenApp.csproj", "{AE6B3A70-59A5-42D9-9C42-F253FED61554}"
EndProject
Project("{9A19103F-16F7-4668-BE54-9A1E7A4F7556}") = "TicTacToeWPF", "TicTacToeWPF\TicTacToeWPF.csproj", "{3D732876-4002-4908-A615-F06514A29D41}"
EndProject
Project("{2150E333-8FDC-42A3-9474-1A3956D46DE8}") = "Xamarin", "Xamarin", "{AFF48AB7-FD79-49E2-BD33-437E1CFB0BEF}"
EndProject
Project("{2150E333-8FDC-42A3-9474-1A3956D46DE8}") = "01.FirstApp", "01.FirstApp", "{7A316F4F-171E-4AE1-87BA-4D70D9CB3ACB}"
EndProject
Project("{FAE04EC0-301F-11D3-BF4B-00C04F79EFBC}") = "FirstMobileApp.Android", "FirstMobileApp\FirstMobileApp.Android\FirstMobileApp.Android.csproj", "{1EA00C5C-65D4-4EB0-BC31-3F391AFF7C10}"
EndProject
Project("{FAE04EC0-301F-11D3-BF4B-00C04F79EFBC}") = "FirstMobileApp.iOS", "FirstMobileApp\FirstMobileApp.iOS\FirstMobileApp.iOS.csproj", "{8B14AB21-0175-4C5E-B93F-99D6B9B605CB}"
EndProject
Project("{9A19103F-16F7-4668-BE54-9A1E7A4F7556}") = "FirstMobileApp", "FirstMobileApp\FirstMobileApp\FirstMobileApp.csproj", "{87F3887A-77FF-4856-83AB-D42189270490}"
EndProject
Project("{2150E333-8FDC-42A3-9474-1A3956D46DE8}") = "02.NavigationPage", "02.NavigationPage", "{B722F656-A9F5-42B3-A5A6-179D5E50712E}"
EndProject
Project("{FAE04EC0-301F-11D3-BF4B-00C04F79EFBC}") = "NavigationPageApp.Android", "NavigationPageApp\NavigationPageApp.Android\NavigationPageApp.Android.csproj", "{08B5B19C-297E-4040-A278-2E7F0E821411}"
EndProject
Project("{9A19103F-16F7-4668-BE54-9A1E7A4F7556}") = "NavigationPageApp", "NavigationPageApp\NavigationPageApp\NavigationPageApp.csproj", "{4C072ACF-27E1-468E-83BE-8E49B75FCA01}"
EndProject
Project("{2150E333-8FDC-42A3-9474-1A3956D46DE8}") = "03.Zadania", "03.Zadania", "{18BFC172-FF99-4149-A045-BC612375D32E}"
EndProject
Project("{FAE04EC0-301F-11D3-BF4B-00C04F79EFBC}") = "MyTaskApp.Android", "MyTaskApp\MyTaskApp.Android\MyTaskApp.Android.csproj", "{D85220B0-B3EB-45C0-8F1A-8989E39B708B}"
EndProject
Project("{9A19103F-16F7-4668-BE54-9A1E7A4F7556}") = "MyTaskApp", "MyTaskApp\MyTaskApp\MyTaskApp.csproj", "{863F22C0-BCC0-474D-BF16-2F5D80444922}"
EndProject
Project("{FAE04EC0-301F-11D3-BF4B-00C04F79EFBC}") = "ListOfContactsApp.Android", "ListOfContactsApp\ListOfContactsApp.Android\ListOfContactsApp.Android.csproj", "{123A564D-35DB-4431-9D55-4A18D3228E28}"
EndProject
Project("{9A19103F-16F7-4668-BE54-9A1E7A4F7556}") = "ListOfContactsApp", "ListOfContactsApp\ListOfContactsApp\ListOfContactsApp.csproj", "{1DF160CE-FDD7-4B46-99DC-E709B48598CE}"
EndProject
Project("{2150E333-8FDC-42A3-9474-1A3956D46DE8}") = "04.TabbedPage", "04.TabbedPage", "{309EA1F6-3325-49FA-88D0-617DEA975CDD}"
EndProject
Project("{FAE04EC0-301F-11D3-BF4B-00C04F79EFBC}") = "TabbedPageApp.Android", "TabbedPageApp\TabbedPageApp.Android\TabbedPageApp.Android.csproj", "{00C1472B-09D8-4AA3-8DBA-956DE23223F7}"
EndProject
Project("{9A19103F-16F7-4668-BE54-9A1E7A4F7556}") = "TabbedPageApp", "TabbedPageApp\TabbedPageApp\TabbedPageApp.csproj", "{5D3E657C-4CB2-4AA0-B94E-F560A42D0161}"
EndProject
Project("{2150E333-8FDC-42A3-9474-1A3956D46DE8}") = "05.ToDoListPage", "05.ToDoListPage", "{39188011-AFFE-4B3F-BF56-939D4CEED3DB}"
EndProject
Project("{FAE04EC0-301F-11D3-BF4B-00C04F79EFBC}") = "ToDoListApp.Android", "ToDoListApp\ToDoListApp.Android\ToDoListApp.Android.csproj", "{311F2E45-FC3F-481F-97D3-98CF03542F04}"
EndProject
Project("{FAE04EC0-301F-11D3-BF4B-00C04F79EFBC}") = "ToDoListApp", "ToDoListApp\ToDoListApp\ToDoListApp.csproj", "{BBA465CC-D2E4-45BF-984E-CF15FE600113}"
EndProject
Global
	GlobalSection(SolutionConfigurationPlatforms) = preSolution
		Debug|Any CPU = Debug|Any CPU
		Debug|iPhone = Debug|iPhone
		Debug|iPhoneSimulator = Debug|iPhoneSimulator
		Release|Any CPU = Release|Any CPU
		Release|iPhone = Release|iPhone
		Release|iPhoneSimulator = Release|iPhoneSimulator
	EndGlobalSection
	GlobalSection(ProjectConfigurationPlatforms) = postSolution
		{D76D2805-2A64-4CFA-ACEA-0E0EE1A57273}.Debug|Any CPU.ActiveCfg = Debug|Any CPU
		{D76D2805-2A64-4CFA-ACEA-0E0EE1A57273}.Debug|Any CPU.Build.0 = Debug|Any CPU
		{D76D2805-2A64-4CFA-ACEA-0E0EE1A57273}.Debug|iPhone.ActiveCfg = Debug|Any CPU
		{D76D2805-2A64-4CFA-ACEA-0E0EE1A57273}.Debug|iPhone.Build.0 = Debug|Any CPU
		{D76D2805-2A64-4CFA-ACEA-0E0EE1A57273}.Debug|iPhoneSimulator.ActiveCfg = Debug|Any CPU
		{D76D2805-2A64-4CFA-ACEA-0E0EE1A57273}.Debug|iPhoneSimulator.Build.0 = Debug|Any CPU
		{D76D2805-2A64-4CFA-ACEA-0E0EE1A57273}.Release|Any CPU.ActiveCfg = Release|Any CPU
		{D76D2805-2A64-4CFA-ACEA-0E0EE1A57273}.Release|Any CPU.Build.0 = Release|Any CPU
		{D76D2805-2A64-4CFA-ACEA-0E0EE1A57273}.Release|iPhone.ActiveCfg = Release|Any CPU
		{D76D2805-2A64-4CFA-ACEA-0E0EE1A57273}.Release|iPhone.Build.0 = Release|Any CPU
		{D76D2805-2A64-4CFA-ACEA-0E0EE1A57273}.Release|iPhoneSimulator.ActiveCfg = Release|Any CPU
		{D76D2805-2A64-4CFA-ACEA-0E0EE1A57273}.Release|iPhoneSimulator.Build.0 = Release|Any CPU
		{FD47B1D5-D29A-4E52-84E2-FFE8ED52E525}.Debug|Any CPU.ActiveCfg = Debug|Any CPU
		{FD47B1D5-D29A-4E52-84E2-FFE8ED52E525}.Debug|Any CPU.Build.0 = Debug|Any CPU
		{FD47B1D5-D29A-4E52-84E2-FFE8ED52E525}.Debug|iPhone.ActiveCfg = Debug|Any CPU
		{FD47B1D5-D29A-4E52-84E2-FFE8ED52E525}.Debug|iPhone.Build.0 = Debug|Any CPU
		{FD47B1D5-D29A-4E52-84E2-FFE8ED52E525}.Debug|iPhoneSimulator.ActiveCfg = Debug|Any CPU
		{FD47B1D5-D29A-4E52-84E2-FFE8ED52E525}.Debug|iPhoneSimulator.Build.0 = Debug|Any CPU
		{FD47B1D5-D29A-4E52-84E2-FFE8ED52E525}.Release|Any CPU.ActiveCfg = Release|Any CPU
		{FD47B1D5-D29A-4E52-84E2-FFE8ED52E525}.Release|Any CPU.Build.0 = Release|Any CPU
		{FD47B1D5-D29A-4E52-84E2-FFE8ED52E525}.Release|iPhone.ActiveCfg = Release|Any CPU
		{FD47B1D5-D29A-4E52-84E2-FFE8ED52E525}.Release|iPhone.Build.0 = Release|Any CPU
		{FD47B1D5-D29A-4E52-84E2-FFE8ED52E525}.Release|iPhoneSimulator.ActiveCfg = Release|Any CPU
		{FD47B1D5-D29A-4E52-84E2-FFE8ED52E525}.Release|iPhoneSimulator.Build.0 = Release|Any CPU
		{4AC9FF64-9381-4428-AB26-5C3B430EFBA7}.Debug|Any CPU.ActiveCfg = Debug|Any CPU
		{4AC9FF64-9381-4428-AB26-5C3B430EFBA7}.Debug|Any CPU.Build.0 = Debug|Any CPU
		{4AC9FF64-9381-4428-AB26-5C3B430EFBA7}.Debug|iPhone.ActiveCfg = Debug|Any CPU
		{4AC9FF64-9381-4428-AB26-5C3B430EFBA7}.Debug|iPhone.Build.0 = Debug|Any CPU
		{4AC9FF64-9381-4428-AB26-5C3B430EFBA7}.Debug|iPhoneSimulator.ActiveCfg = Debug|Any CPU
		{4AC9FF64-9381-4428-AB26-5C3B430EFBA7}.Debug|iPhoneSimulator.Build.0 = Debug|Any CPU
		{4AC9FF64-9381-4428-AB26-5C3B430EFBA7}.Release|Any CPU.ActiveCfg = Release|Any CPU
		{4AC9FF64-9381-4428-AB26-5C3B430EFBA7}.Release|Any CPU.Build.0 = Release|Any CPU
		{4AC9FF64-9381-4428-AB26-5C3B430EFBA7}.Release|iPhone.ActiveCfg = Release|Any CPU
		{4AC9FF64-9381-4428-AB26-5C3B430EFBA7}.Release|iPhone.Build.0 = Release|Any CPU
		{4AC9FF64-9381-4428-AB26-5C3B430EFBA7}.Release|iPhoneSimulator.ActiveCfg = Release|Any CPU
		{4AC9FF64-9381-4428-AB26-5C3B430EFBA7}.Release|iPhoneSimulator.Build.0 = Release|Any CPU
		{74A5AECE-49FE-47B8-9926-266CDA5D594B}.Debug|Any CPU.ActiveCfg = Debug|Any CPU
		{74A5AECE-49FE-47B8-9926-266CDA5D594B}.Debug|Any CPU.Build.0 = Debug|Any CPU
		{74A5AECE-49FE-47B8-9926-266CDA5D594B}.Debug|iPhone.ActiveCfg = Debug|Any CPU
		{74A5AECE-49FE-47B8-9926-266CDA5D594B}.Debug|iPhone.Build.0 = Debug|Any CPU
		{74A5AECE-49FE-47B8-9926-266CDA5D594B}.Debug|iPhoneSimulator.ActiveCfg = Debug|Any CPU
		{74A5AECE-49FE-47B8-9926-266CDA5D594B}.Debug|iPhoneSimulator.Build.0 = Debug|Any CPU
		{74A5AECE-49FE-47B8-9926-266CDA5D594B}.Release|Any CPU.ActiveCfg = Release|Any CPU
		{74A5AECE-49FE-47B8-9926-266CDA5D594B}.Release|Any CPU.Build.0 = Release|Any CPU
		{74A5AECE-49FE-47B8-9926-266CDA5D594B}.Release|iPhone.ActiveCfg = Release|Any CPU
		{74A5AECE-49FE-47B8-9926-266CDA5D594B}.Release|iPhone.Build.0 = Release|Any CPU
		{74A5AECE-49FE-47B8-9926-266CDA5D594B}.Release|iPhoneSimulator.ActiveCfg = Release|Any CPU
		{74A5AECE-49FE-47B8-9926-266CDA5D594B}.Release|iPhoneSimulator.Build.0 = Release|Any CPU
		{E4E88294-BFBA-4CF3-A239-645D782C2ED0}.Debug|Any CPU.ActiveCfg = Debug|Any CPU
		{E4E88294-BFBA-4CF3-A239-645D782C2ED0}.Debug|Any CPU.Build.0 = Debug|Any CPU
		{E4E88294-BFBA-4CF3-A239-645D782C2ED0}.Debug|iPhone.ActiveCfg = Debug|Any CPU
		{E4E88294-BFBA-4CF3-A239-645D782C2ED0}.Debug|iPhone.Build.0 = Debug|Any CPU
		{E4E88294-BFBA-4CF3-A239-645D782C2ED0}.Debug|iPhoneSimulator.ActiveCfg = Debug|Any CPU
		{E4E88294-BFBA-4CF3-A239-645D782C2ED0}.Debug|iPhoneSimulator.Build.0 = Debug|Any CPU
		{E4E88294-BFBA-4CF3-A239-645D782C2ED0}.Release|Any CPU.ActiveCfg = Release|Any CPU
		{E4E88294-BFBA-4CF3-A239-645D782C2ED0}.Release|Any CPU.Build.0 = Release|Any CPU
		{E4E88294-BFBA-4CF3-A239-645D782C2ED0}.Release|iPhone.ActiveCfg = Release|Any CPU
		{E4E88294-BFBA-4CF3-A239-645D782C2ED0}.Release|iPhone.Build.0 = Release|Any CPU
		{E4E88294-BFBA-4CF3-A239-645D782C2ED0}.Release|iPhoneSimulator.ActiveCfg = Release|Any CPU
		{E4E88294-BFBA-4CF3-A239-645D782C2ED0}.Release|iPhoneSimulator.Build.0 = Release|Any CPU
		{C877B5DF-949F-4D22-8D13-B65E233BED2C}.Debug|Any CPU.ActiveCfg = Debug|Any CPU
		{C877B5DF-949F-4D22-8D13-B65E233BED2C}.Debug|Any CPU.Build.0 = Debug|Any CPU
		{C877B5DF-949F-4D22-8D13-B65E233BED2C}.Debug|iPhone.ActiveCfg = Debug|Any CPU
		{C877B5DF-949F-4D22-8D13-B65E233BED2C}.Debug|iPhone.Build.0 = Debug|Any CPU
		{C877B5DF-949F-4D22-8D13-B65E233BED2C}.Debug|iPhoneSimulator.ActiveCfg = Debug|Any CPU
		{C877B5DF-949F-4D22-8D13-B65E233BED2C}.Debug|iPhoneSimulator.Build.0 = Debug|Any CPU
		{C877B5DF-949F-4D22-8D13-B65E233BED2C}.Release|Any CPU.ActiveCfg = Release|Any CPU
		{C877B5DF-949F-4D22-8D13-B65E233BED2C}.Release|Any CPU.Build.0 = Release|Any CPU
		{C877B5DF-949F-4D22-8D13-B65E233BED2C}.Release|iPhone.ActiveCfg = Release|Any CPU
		{C877B5DF-949F-4D22-8D13-B65E233BED2C}.Release|iPhone.Build.0 = Release|Any CPU
		{C877B5DF-949F-4D22-8D13-B65E233BED2C}.Release|iPhoneSimulator.ActiveCfg = Release|Any CPU
		{C877B5DF-949F-4D22-8D13-B65E233BED2C}.Release|iPhoneSimulator.Build.0 = Release|Any CPU
		{4DD2C882-2C9F-4AF5-932E-1A1EC346E9FC}.Debug|Any CPU.ActiveCfg = Debug|Any CPU
		{4DD2C882-2C9F-4AF5-932E-1A1EC346E9FC}.Debug|Any CPU.Build.0 = Debug|Any CPU
		{4DD2C882-2C9F-4AF5-932E-1A1EC346E9FC}.Debug|iPhone.ActiveCfg = Debug|Any CPU
		{4DD2C882-2C9F-4AF5-932E-1A1EC346E9FC}.Debug|iPhone.Build.0 = Debug|Any CPU
		{4DD2C882-2C9F-4AF5-932E-1A1EC346E9FC}.Debug|iPhoneSimulator.ActiveCfg = Debug|Any CPU
		{4DD2C882-2C9F-4AF5-932E-1A1EC346E9FC}.Debug|iPhoneSimulator.Build.0 = Debug|Any CPU
		{4DD2C882-2C9F-4AF5-932E-1A1EC346E9FC}.Release|Any CPU.ActiveCfg = Release|Any CPU
		{4DD2C882-2C9F-4AF5-932E-1A1EC346E9FC}.Release|Any CPU.Build.0 = Release|Any CPU
		{4DD2C882-2C9F-4AF5-932E-1A1EC346E9FC}.Release|iPhone.ActiveCfg = Release|Any CPU
		{4DD2C882-2C9F-4AF5-932E-1A1EC346E9FC}.Release|iPhone.Build.0 = Release|Any CPU
		{4DD2C882-2C9F-4AF5-932E-1A1EC346E9FC}.Release|iPhoneSimulator.ActiveCfg = Release|Any CPU
		{4DD2C882-2C9F-4AF5-932E-1A1EC346E9FC}.Release|iPhoneSimulator.Build.0 = Release|Any CPU
		{76A3F706-A6A9-4667-8566-1217B7117212}.Debug|Any CPU.ActiveCfg = Debug|Any CPU
		{76A3F706-A6A9-4667-8566-1217B7117212}.Debug|Any CPU.Build.0 = Debug|Any CPU
		{76A3F706-A6A9-4667-8566-1217B7117212}.Debug|iPhone.ActiveCfg = Debug|Any CPU
		{76A3F706-A6A9-4667-8566-1217B7117212}.Debug|iPhone.Build.0 = Debug|Any CPU
		{76A3F706-A6A9-4667-8566-1217B7117212}.Debug|iPhoneSimulator.ActiveCfg = Debug|Any CPU
		{76A3F706-A6A9-4667-8566-1217B7117212}.Debug|iPhoneSimulator.Build.0 = Debug|Any CPU
		{76A3F706-A6A9-4667-8566-1217B7117212}.Release|Any CPU.ActiveCfg = Release|Any CPU
		{76A3F706-A6A9-4667-8566-1217B7117212}.Release|Any CPU.Build.0 = Release|Any CPU
		{76A3F706-A6A9-4667-8566-1217B7117212}.Release|iPhone.ActiveCfg = Release|Any CPU
		{76A3F706-A6A9-4667-8566-1217B7117212}.Release|iPhone.Build.0 = Release|Any CPU
		{76A3F706-A6A9-4667-8566-1217B7117212}.Release|iPhoneSimulator.ActiveCfg = Release|Any CPU
		{76A3F706-A6A9-4667-8566-1217B7117212}.Release|iPhoneSimulator.Build.0 = Release|Any CPU
		{2DAE03AB-BFCE-4D14-95E0-C152E193F3C1}.Debug|Any CPU.ActiveCfg = Debug|Any CPU
		{2DAE03AB-BFCE-4D14-95E0-C152E193F3C1}.Debug|Any CPU.Build.0 = Debug|Any CPU
		{2DAE03AB-BFCE-4D14-95E0-C152E193F3C1}.Debug|iPhone.ActiveCfg = Debug|Any CPU
		{2DAE03AB-BFCE-4D14-95E0-C152E193F3C1}.Debug|iPhone.Build.0 = Debug|Any CPU
		{2DAE03AB-BFCE-4D14-95E0-C152E193F3C1}.Debug|iPhoneSimulator.ActiveCfg = Debug|Any CPU
		{2DAE03AB-BFCE-4D14-95E0-C152E193F3C1}.Debug|iPhoneSimulator.Build.0 = Debug|Any CPU
		{2DAE03AB-BFCE-4D14-95E0-C152E193F3C1}.Release|Any CPU.ActiveCfg = Release|Any CPU
		{2DAE03AB-BFCE-4D14-95E0-C152E193F3C1}.Release|Any CPU.Build.0 = Release|Any CPU
		{2DAE03AB-BFCE-4D14-95E0-C152E193F3C1}.Release|iPhone.ActiveCfg = Release|Any CPU
		{2DAE03AB-BFCE-4D14-95E0-C152E193F3C1}.Release|iPhone.Build.0 = Release|Any CPU
		{2DAE03AB-BFCE-4D14-95E0-C152E193F3C1}.Release|iPhoneSimulator.ActiveCfg = Release|Any CPU
		{2DAE03AB-BFCE-4D14-95E0-C152E193F3C1}.Release|iPhoneSimulator.Build.0 = Release|Any CPU
		{B455759A-8813-4F9D-BCED-71E07DCBFE52}.Debug|Any CPU.ActiveCfg = Debug|Any CPU
		{B455759A-8813-4F9D-BCED-71E07DCBFE52}.Debug|Any CPU.Build.0 = Debug|Any CPU
		{B455759A-8813-4F9D-BCED-71E07DCBFE52}.Debug|iPhone.ActiveCfg = Debug|Any CPU
		{B455759A-8813-4F9D-BCED-71E07DCBFE52}.Debug|iPhone.Build.0 = Debug|Any CPU
		{B455759A-8813-4F9D-BCED-71E07DCBFE52}.Debug|iPhoneSimulator.ActiveCfg = Debug|Any CPU
		{B455759A-8813-4F9D-BCED-71E07DCBFE52}.Debug|iPhoneSimulator.Build.0 = Debug|Any CPU
		{B455759A-8813-4F9D-BCED-71E07DCBFE52}.Release|Any CPU.ActiveCfg = Release|Any CPU
		{B455759A-8813-4F9D-BCED-71E07DCBFE52}.Release|Any CPU.Build.0 = Release|Any CPU
		{B455759A-8813-4F9D-BCED-71E07DCBFE52}.Release|iPhone.ActiveCfg = Release|Any CPU
		{B455759A-8813-4F9D-BCED-71E07DCBFE52}.Release|iPhone.Build.0 = Release|Any CPU
		{B455759A-8813-4F9D-BCED-71E07DCBFE52}.Release|iPhoneSimulator.ActiveCfg = Release|Any CPU
		{B455759A-8813-4F9D-BCED-71E07DCBFE52}.Release|iPhoneSimulator.Build.0 = Release|Any CPU
		{2996769B-4848-4CC8-A3A7-F2AD41D00303}.Debug|Any CPU.ActiveCfg = Debug|Any CPU
		{2996769B-4848-4CC8-A3A7-F2AD41D00303}.Debug|Any CPU.Build.0 = Debug|Any CPU
		{2996769B-4848-4CC8-A3A7-F2AD41D00303}.Debug|iPhone.ActiveCfg = Debug|Any CPU
		{2996769B-4848-4CC8-A3A7-F2AD41D00303}.Debug|iPhone.Build.0 = Debug|Any CPU
		{2996769B-4848-4CC8-A3A7-F2AD41D00303}.Debug|iPhoneSimulator.ActiveCfg = Debug|Any CPU
		{2996769B-4848-4CC8-A3A7-F2AD41D00303}.Debug|iPhoneSimulator.Build.0 = Debug|Any CPU
		{2996769B-4848-4CC8-A3A7-F2AD41D00303}.Release|Any CPU.ActiveCfg = Release|Any CPU
		{2996769B-4848-4CC8-A3A7-F2AD41D00303}.Release|Any CPU.Build.0 = Release|Any CPU
		{2996769B-4848-4CC8-A3A7-F2AD41D00303}.Release|iPhone.ActiveCfg = Release|Any CPU
		{2996769B-4848-4CC8-A3A7-F2AD41D00303}.Release|iPhone.Build.0 = Release|Any CPU
		{2996769B-4848-4CC8-A3A7-F2AD41D00303}.Release|iPhoneSimulator.ActiveCfg = Release|Any CPU
		{2996769B-4848-4CC8-A3A7-F2AD41D00303}.Release|iPhoneSimulator.Build.0 = Release|Any CPU
		{20021847-027E-4F0B-AE2B-AC6315E3FAE1}.Debug|Any CPU.ActiveCfg = Debug|Any CPU
		{20021847-027E-4F0B-AE2B-AC6315E3FAE1}.Debug|Any CPU.Build.0 = Debug|Any CPU
		{20021847-027E-4F0B-AE2B-AC6315E3FAE1}.Debug|iPhone.ActiveCfg = Debug|Any CPU
		{20021847-027E-4F0B-AE2B-AC6315E3FAE1}.Debug|iPhone.Build.0 = Debug|Any CPU
		{20021847-027E-4F0B-AE2B-AC6315E3FAE1}.Debug|iPhoneSimulator.ActiveCfg = Debug|Any CPU
		{20021847-027E-4F0B-AE2B-AC6315E3FAE1}.Debug|iPhoneSimulator.Build.0 = Debug|Any CPU
		{20021847-027E-4F0B-AE2B-AC6315E3FAE1}.Release|Any CPU.ActiveCfg = Release|Any CPU
		{20021847-027E-4F0B-AE2B-AC6315E3FAE1}.Release|Any CPU.Build.0 = Release|Any CPU
		{20021847-027E-4F0B-AE2B-AC6315E3FAE1}.Release|iPhone.ActiveCfg = Release|Any CPU
		{20021847-027E-4F0B-AE2B-AC6315E3FAE1}.Release|iPhone.Build.0 = Release|Any CPU
		{20021847-027E-4F0B-AE2B-AC6315E3FAE1}.Release|iPhoneSimulator.ActiveCfg = Release|Any CPU
		{20021847-027E-4F0B-AE2B-AC6315E3FAE1}.Release|iPhoneSimulator.Build.0 = Release|Any CPU
		{A214DF0C-7372-40EC-B26C-25D694315735}.Debug|Any CPU.ActiveCfg = Debug|Any CPU
		{A214DF0C-7372-40EC-B26C-25D694315735}.Debug|Any CPU.Build.0 = Debug|Any CPU
		{A214DF0C-7372-40EC-B26C-25D694315735}.Debug|iPhone.ActiveCfg = Debug|Any CPU
		{A214DF0C-7372-40EC-B26C-25D694315735}.Debug|iPhone.Build.0 = Debug|Any CPU
		{A214DF0C-7372-40EC-B26C-25D694315735}.Debug|iPhoneSimulator.ActiveCfg = Debug|Any CPU
		{A214DF0C-7372-40EC-B26C-25D694315735}.Debug|iPhoneSimulator.Build.0 = Debug|Any CPU
		{A214DF0C-7372-40EC-B26C-25D694315735}.Release|Any CPU.ActiveCfg = Release|Any CPU
		{A214DF0C-7372-40EC-B26C-25D694315735}.Release|Any CPU.Build.0 = Release|Any CPU
		{A214DF0C-7372-40EC-B26C-25D694315735}.Release|iPhone.ActiveCfg = Release|Any CPU
		{A214DF0C-7372-40EC-B26C-25D694315735}.Release|iPhone.Build.0 = Release|Any CPU
		{A214DF0C-7372-40EC-B26C-25D694315735}.Release|iPhoneSimulator.ActiveCfg = Release|Any CPU
		{A214DF0C-7372-40EC-B26C-25D694315735}.Release|iPhoneSimulator.Build.0 = Release|Any CPU
		{D7487D5A-D3B8-4E5A-8834-F7F02C881D17}.Debug|Any CPU.ActiveCfg = Debug|Any CPU
		{D7487D5A-D3B8-4E5A-8834-F7F02C881D17}.Debug|Any CPU.Build.0 = Debug|Any CPU
		{D7487D5A-D3B8-4E5A-8834-F7F02C881D17}.Debug|iPhone.ActiveCfg = Debug|Any CPU
		{D7487D5A-D3B8-4E5A-8834-F7F02C881D17}.Debug|iPhone.Build.0 = Debug|Any CPU
		{D7487D5A-D3B8-4E5A-8834-F7F02C881D17}.Debug|iPhoneSimulator.ActiveCfg = Debug|Any CPU
		{D7487D5A-D3B8-4E5A-8834-F7F02C881D17}.Debug|iPhoneSimulator.Build.0 = Debug|Any CPU
		{D7487D5A-D3B8-4E5A-8834-F7F02C881D17}.Release|Any CPU.ActiveCfg = Release|Any CPU
		{D7487D5A-D3B8-4E5A-8834-F7F02C881D17}.Release|Any CPU.Build.0 = Release|Any CPU
		{D7487D5A-D3B8-4E5A-8834-F7F02C881D17}.Release|iPhone.ActiveCfg = Release|Any CPU
		{D7487D5A-D3B8-4E5A-8834-F7F02C881D17}.Release|iPhone.Build.0 = Release|Any CPU
		{D7487D5A-D3B8-4E5A-8834-F7F02C881D17}.Release|iPhoneSimulator.ActiveCfg = Release|Any CPU
		{D7487D5A-D3B8-4E5A-8834-F7F02C881D17}.Release|iPhoneSimulator.Build.0 = Release|Any CPU
		{FA6130AC-9DF2-4CF3-A535-410DCC991CA4}.Debug|Any CPU.ActiveCfg = Debug|Any CPU
		{FA6130AC-9DF2-4CF3-A535-410DCC991CA4}.Debug|Any CPU.Build.0 = Debug|Any CPU
		{FA6130AC-9DF2-4CF3-A535-410DCC991CA4}.Debug|iPhone.ActiveCfg = Debug|Any CPU
		{FA6130AC-9DF2-4CF3-A535-410DCC991CA4}.Debug|iPhone.Build.0 = Debug|Any CPU
		{FA6130AC-9DF2-4CF3-A535-410DCC991CA4}.Debug|iPhoneSimulator.ActiveCfg = Debug|Any CPU
		{FA6130AC-9DF2-4CF3-A535-410DCC991CA4}.Debug|iPhoneSimulator.Build.0 = Debug|Any CPU
		{FA6130AC-9DF2-4CF3-A535-410DCC991CA4}.Release|Any CPU.ActiveCfg = Release|Any CPU
		{FA6130AC-9DF2-4CF3-A535-410DCC991CA4}.Release|Any CPU.Build.0 = Release|Any CPU
		{FA6130AC-9DF2-4CF3-A535-410DCC991CA4}.Release|iPhone.ActiveCfg = Release|Any CPU
		{FA6130AC-9DF2-4CF3-A535-410DCC991CA4}.Release|iPhone.Build.0 = Release|Any CPU
		{FA6130AC-9DF2-4CF3-A535-410DCC991CA4}.Release|iPhoneSimulator.ActiveCfg = Release|Any CPU
		{FA6130AC-9DF2-4CF3-A535-410DCC991CA4}.Release|iPhoneSimulator.Build.0 = Release|Any CPU
		{44073059-3A88-4E8B-AA1E-AEAC1B631670}.Debug|Any CPU.ActiveCfg = Debug|Any CPU
		{44073059-3A88-4E8B-AA1E-AEAC1B631670}.Debug|Any CPU.Build.0 = Debug|Any CPU
		{44073059-3A88-4E8B-AA1E-AEAC1B631670}.Debug|iPhone.ActiveCfg = Debug|Any CPU
		{44073059-3A88-4E8B-AA1E-AEAC1B631670}.Debug|iPhone.Build.0 = Debug|Any CPU
		{44073059-3A88-4E8B-AA1E-AEAC1B631670}.Debug|iPhoneSimulator.ActiveCfg = Debug|Any CPU
		{44073059-3A88-4E8B-AA1E-AEAC1B631670}.Debug|iPhoneSimulator.Build.0 = Debug|Any CPU
		{44073059-3A88-4E8B-AA1E-AEAC1B631670}.Release|Any CPU.ActiveCfg = Release|Any CPU
		{44073059-3A88-4E8B-AA1E-AEAC1B631670}.Release|Any CPU.Build.0 = Release|Any CPU
		{44073059-3A88-4E8B-AA1E-AEAC1B631670}.Release|iPhone.ActiveCfg = Release|Any CPU
		{44073059-3A88-4E8B-AA1E-AEAC1B631670}.Release|iPhone.Build.0 = Release|Any CPU
		{44073059-3A88-4E8B-AA1E-AEAC1B631670}.Release|iPhoneSimulator.ActiveCfg = Release|Any CPU
		{44073059-3A88-4E8B-AA1E-AEAC1B631670}.Release|iPhoneSimulator.Build.0 = Release|Any CPU
		{9BEE4A8D-F946-4247-9A6F-7DD922F974A5}.Debug|Any CPU.ActiveCfg = Debug|Any CPU
		{9BEE4A8D-F946-4247-9A6F-7DD922F974A5}.Debug|Any CPU.Build.0 = Debug|Any CPU
		{9BEE4A8D-F946-4247-9A6F-7DD922F974A5}.Debug|iPhone.ActiveCfg = Debug|Any CPU
		{9BEE4A8D-F946-4247-9A6F-7DD922F974A5}.Debug|iPhone.Build.0 = Debug|Any CPU
		{9BEE4A8D-F946-4247-9A6F-7DD922F974A5}.Debug|iPhoneSimulator.ActiveCfg = Debug|Any CPU
		{9BEE4A8D-F946-4247-9A6F-7DD922F974A5}.Debug|iPhoneSimulator.Build.0 = Debug|Any CPU
		{9BEE4A8D-F946-4247-9A6F-7DD922F974A5}.Release|Any CPU.ActiveCfg = Release|Any CPU
		{9BEE4A8D-F946-4247-9A6F-7DD922F974A5}.Release|Any CPU.Build.0 = Release|Any CPU
		{9BEE4A8D-F946-4247-9A6F-7DD922F974A5}.Release|iPhone.ActiveCfg = Release|Any CPU
		{9BEE4A8D-F946-4247-9A6F-7DD922F974A5}.Release|iPhone.Build.0 = Release|Any CPU
		{9BEE4A8D-F946-4247-9A6F-7DD922F974A5}.Release|iPhoneSimulator.ActiveCfg = Release|Any CPU
		{9BEE4A8D-F946-4247-9A6F-7DD922F974A5}.Release|iPhoneSimulator.Build.0 = Release|Any CPU
		{1481F7FC-389E-48D8-8B24-F72B9A181BD4}.Debug|Any CPU.ActiveCfg = Debug|Any CPU
		{1481F7FC-389E-48D8-8B24-F72B9A181BD4}.Debug|Any CPU.Build.0 = Debug|Any CPU
		{1481F7FC-389E-48D8-8B24-F72B9A181BD4}.Debug|iPhone.ActiveCfg = Debug|Any CPU
		{1481F7FC-389E-48D8-8B24-F72B9A181BD4}.Debug|iPhone.Build.0 = Debug|Any CPU
		{1481F7FC-389E-48D8-8B24-F72B9A181BD4}.Debug|iPhoneSimulator.ActiveCfg = Debug|Any CPU
		{1481F7FC-389E-48D8-8B24-F72B9A181BD4}.Debug|iPhoneSimulator.Build.0 = Debug|Any CPU
		{1481F7FC-389E-48D8-8B24-F72B9A181BD4}.Release|Any CPU.ActiveCfg = Release|Any CPU
		{1481F7FC-389E-48D8-8B24-F72B9A181BD4}.Release|Any CPU.Build.0 = Release|Any CPU
		{1481F7FC-389E-48D8-8B24-F72B9A181BD4}.Release|iPhone.ActiveCfg = Release|Any CPU
		{1481F7FC-389E-48D8-8B24-F72B9A181BD4}.Release|iPhone.Build.0 = Release|Any CPU
		{1481F7FC-389E-48D8-8B24-F72B9A181BD4}.Release|iPhoneSimulator.ActiveCfg = Release|Any CPU
		{1481F7FC-389E-48D8-8B24-F72B9A181BD4}.Release|iPhoneSimulator.Build.0 = Release|Any CPU
		{645EBE44-3108-401F-B0E1-33011E50D080}.Debug|Any CPU.ActiveCfg = Debug|Any CPU
		{645EBE44-3108-401F-B0E1-33011E50D080}.Debug|Any CPU.Build.0 = Debug|Any CPU
		{645EBE44-3108-401F-B0E1-33011E50D080}.Debug|iPhone.ActiveCfg = Debug|Any CPU
		{645EBE44-3108-401F-B0E1-33011E50D080}.Debug|iPhone.Build.0 = Debug|Any CPU
		{645EBE44-3108-401F-B0E1-33011E50D080}.Debug|iPhoneSimulator.ActiveCfg = Debug|Any CPU
		{645EBE44-3108-401F-B0E1-33011E50D080}.Debug|iPhoneSimulator.Build.0 = Debug|Any CPU
		{645EBE44-3108-401F-B0E1-33011E50D080}.Release|Any CPU.ActiveCfg = Release|Any CPU
		{645EBE44-3108-401F-B0E1-33011E50D080}.Release|Any CPU.Build.0 = Release|Any CPU
		{645EBE44-3108-401F-B0E1-33011E50D080}.Release|iPhone.ActiveCfg = Release|Any CPU
		{645EBE44-3108-401F-B0E1-33011E50D080}.Release|iPhone.Build.0 = Release|Any CPU
		{645EBE44-3108-401F-B0E1-33011E50D080}.Release|iPhoneSimulator.ActiveCfg = Release|Any CPU
		{645EBE44-3108-401F-B0E1-33011E50D080}.Release|iPhoneSimulator.Build.0 = Release|Any CPU
		{5C95FC32-6978-4468-A0BD-0D8940BB8BFB}.Debug|Any CPU.ActiveCfg = Debug|Any CPU
		{5C95FC32-6978-4468-A0BD-0D8940BB8BFB}.Debug|Any CPU.Build.0 = Debug|Any CPU
		{5C95FC32-6978-4468-A0BD-0D8940BB8BFB}.Debug|iPhone.ActiveCfg = Debug|Any CPU
		{5C95FC32-6978-4468-A0BD-0D8940BB8BFB}.Debug|iPhone.Build.0 = Debug|Any CPU
		{5C95FC32-6978-4468-A0BD-0D8940BB8BFB}.Debug|iPhoneSimulator.ActiveCfg = Debug|Any CPU
		{5C95FC32-6978-4468-A0BD-0D8940BB8BFB}.Debug|iPhoneSimulator.Build.0 = Debug|Any CPU
		{5C95FC32-6978-4468-A0BD-0D8940BB8BFB}.Release|Any CPU.ActiveCfg = Release|Any CPU
		{5C95FC32-6978-4468-A0BD-0D8940BB8BFB}.Release|Any CPU.Build.0 = Release|Any CPU
		{5C95FC32-6978-4468-A0BD-0D8940BB8BFB}.Release|iPhone.ActiveCfg = Release|Any CPU
		{5C95FC32-6978-4468-A0BD-0D8940BB8BFB}.Release|iPhone.Build.0 = Release|Any CPU
		{5C95FC32-6978-4468-A0BD-0D8940BB8BFB}.Release|iPhoneSimulator.ActiveCfg = Release|Any CPU
		{5C95FC32-6978-4468-A0BD-0D8940BB8BFB}.Release|iPhoneSimulator.Build.0 = Release|Any CPU
		{5BBAF83B-18B2-4E0D-B9BC-9B156BB491B7}.Debug|Any CPU.ActiveCfg = Debug|Any CPU
		{5BBAF83B-18B2-4E0D-B9BC-9B156BB491B7}.Debug|Any CPU.Build.0 = Debug|Any CPU
		{5BBAF83B-18B2-4E0D-B9BC-9B156BB491B7}.Debug|iPhone.ActiveCfg = Debug|Any CPU
		{5BBAF83B-18B2-4E0D-B9BC-9B156BB491B7}.Debug|iPhone.Build.0 = Debug|Any CPU
		{5BBAF83B-18B2-4E0D-B9BC-9B156BB491B7}.Debug|iPhoneSimulator.ActiveCfg = Debug|Any CPU
		{5BBAF83B-18B2-4E0D-B9BC-9B156BB491B7}.Debug|iPhoneSimulator.Build.0 = Debug|Any CPU
		{5BBAF83B-18B2-4E0D-B9BC-9B156BB491B7}.Release|Any CPU.ActiveCfg = Release|Any CPU
		{5BBAF83B-18B2-4E0D-B9BC-9B156BB491B7}.Release|Any CPU.Build.0 = Release|Any CPU
		{5BBAF83B-18B2-4E0D-B9BC-9B156BB491B7}.Release|iPhone.ActiveCfg = Release|Any CPU
		{5BBAF83B-18B2-4E0D-B9BC-9B156BB491B7}.Release|iPhone.Build.0 = Release|Any CPU
		{5BBAF83B-18B2-4E0D-B9BC-9B156BB491B7}.Release|iPhoneSimulator.ActiveCfg = Release|Any CPU
		{5BBAF83B-18B2-4E0D-B9BC-9B156BB491B7}.Release|iPhoneSimulator.Build.0 = Release|Any CPU
		{0073B186-0F6F-43BF-BEC9-1049CC7B1A60}.Debug|Any CPU.ActiveCfg = Debug|Any CPU
		{0073B186-0F6F-43BF-BEC9-1049CC7B1A60}.Debug|Any CPU.Build.0 = Debug|Any CPU
		{0073B186-0F6F-43BF-BEC9-1049CC7B1A60}.Debug|iPhone.ActiveCfg = Debug|Any CPU
		{0073B186-0F6F-43BF-BEC9-1049CC7B1A60}.Debug|iPhone.Build.0 = Debug|Any CPU
		{0073B186-0F6F-43BF-BEC9-1049CC7B1A60}.Debug|iPhoneSimulator.ActiveCfg = Debug|Any CPU
		{0073B186-0F6F-43BF-BEC9-1049CC7B1A60}.Debug|iPhoneSimulator.Build.0 = Debug|Any CPU
		{0073B186-0F6F-43BF-BEC9-1049CC7B1A60}.Release|Any CPU.ActiveCfg = Release|Any CPU
		{0073B186-0F6F-43BF-BEC9-1049CC7B1A60}.Release|Any CPU.Build.0 = Release|Any CPU
		{0073B186-0F6F-43BF-BEC9-1049CC7B1A60}.Release|iPhone.ActiveCfg = Release|Any CPU
		{0073B186-0F6F-43BF-BEC9-1049CC7B1A60}.Release|iPhone.Build.0 = Release|Any CPU
		{0073B186-0F6F-43BF-BEC9-1049CC7B1A60}.Release|iPhoneSimulator.ActiveCfg = Release|Any CPU
		{0073B186-0F6F-43BF-BEC9-1049CC7B1A60}.Release|iPhoneSimulator.Build.0 = Release|Any CPU
		{DC2EBDBE-63FE-42DF-81B1-9B0A5649DA55}.Debug|Any CPU.ActiveCfg = Debug|Any CPU
		{DC2EBDBE-63FE-42DF-81B1-9B0A5649DA55}.Debug|Any CPU.Build.0 = Debug|Any CPU
		{DC2EBDBE-63FE-42DF-81B1-9B0A5649DA55}.Debug|iPhone.ActiveCfg = Debug|Any CPU
		{DC2EBDBE-63FE-42DF-81B1-9B0A5649DA55}.Debug|iPhone.Build.0 = Debug|Any CPU
		{DC2EBDBE-63FE-42DF-81B1-9B0A5649DA55}.Debug|iPhoneSimulator.ActiveCfg = Debug|Any CPU
		{DC2EBDBE-63FE-42DF-81B1-9B0A5649DA55}.Debug|iPhoneSimulator.Build.0 = Debug|Any CPU
		{DC2EBDBE-63FE-42DF-81B1-9B0A5649DA55}.Release|Any CPU.ActiveCfg = Release|Any CPU
		{DC2EBDBE-63FE-42DF-81B1-9B0A5649DA55}.Release|Any CPU.Build.0 = Release|Any CPU
		{DC2EBDBE-63FE-42DF-81B1-9B0A5649DA55}.Release|iPhone.ActiveCfg = Release|Any CPU
		{DC2EBDBE-63FE-42DF-81B1-9B0A5649DA55}.Release|iPhone.Build.0 = Release|Any CPU
		{DC2EBDBE-63FE-42DF-81B1-9B0A5649DA55}.Release|iPhoneSimulator.ActiveCfg = Release|Any CPU
		{DC2EBDBE-63FE-42DF-81B1-9B0A5649DA55}.Release|iPhoneSimulator.Build.0 = Release|Any CPU
		{96EE3BBC-6032-47E1-9BA9-0EFB8A0FB666}.Debug|Any CPU.ActiveCfg = Debug|Any CPU
		{96EE3BBC-6032-47E1-9BA9-0EFB8A0FB666}.Debug|Any CPU.Build.0 = Debug|Any CPU
		{96EE3BBC-6032-47E1-9BA9-0EFB8A0FB666}.Debug|iPhone.ActiveCfg = Debug|Any CPU
		{96EE3BBC-6032-47E1-9BA9-0EFB8A0FB666}.Debug|iPhone.Build.0 = Debug|Any CPU
		{96EE3BBC-6032-47E1-9BA9-0EFB8A0FB666}.Debug|iPhoneSimulator.ActiveCfg = Debug|Any CPU
		{96EE3BBC-6032-47E1-9BA9-0EFB8A0FB666}.Debug|iPhoneSimulator.Build.0 = Debug|Any CPU
		{96EE3BBC-6032-47E1-9BA9-0EFB8A0FB666}.Release|Any CPU.ActiveCfg = Release|Any CPU
		{96EE3BBC-6032-47E1-9BA9-0EFB8A0FB666}.Release|Any CPU.Build.0 = Release|Any CPU
		{96EE3BBC-6032-47E1-9BA9-0EFB8A0FB666}.Release|iPhone.ActiveCfg = Release|Any CPU
		{96EE3BBC-6032-47E1-9BA9-0EFB8A0FB666}.Release|iPhone.Build.0 = Release|Any CPU
		{96EE3BBC-6032-47E1-9BA9-0EFB8A0FB666}.Release|iPhoneSimulator.ActiveCfg = Release|Any CPU
		{96EE3BBC-6032-47E1-9BA9-0EFB8A0FB666}.Release|iPhoneSimulator.Build.0 = Release|Any CPU
		{A2DD7E5F-4598-45ED-A414-3FADDB85D587}.Debug|Any CPU.ActiveCfg = Debug|Any CPU
		{A2DD7E5F-4598-45ED-A414-3FADDB85D587}.Debug|Any CPU.Build.0 = Debug|Any CPU
		{A2DD7E5F-4598-45ED-A414-3FADDB85D587}.Debug|iPhone.ActiveCfg = Debug|Any CPU
		{A2DD7E5F-4598-45ED-A414-3FADDB85D587}.Debug|iPhone.Build.0 = Debug|Any CPU
		{A2DD7E5F-4598-45ED-A414-3FADDB85D587}.Debug|iPhoneSimulator.ActiveCfg = Debug|Any CPU
		{A2DD7E5F-4598-45ED-A414-3FADDB85D587}.Debug|iPhoneSimulator.Build.0 = Debug|Any CPU
		{A2DD7E5F-4598-45ED-A414-3FADDB85D587}.Release|Any CPU.ActiveCfg = Release|Any CPU
		{A2DD7E5F-4598-45ED-A414-3FADDB85D587}.Release|Any CPU.Build.0 = Release|Any CPU
		{A2DD7E5F-4598-45ED-A414-3FADDB85D587}.Release|iPhone.ActiveCfg = Release|Any CPU
		{A2DD7E5F-4598-45ED-A414-3FADDB85D587}.Release|iPhone.Build.0 = Release|Any CPU
		{A2DD7E5F-4598-45ED-A414-3FADDB85D587}.Release|iPhoneSimulator.ActiveCfg = Release|Any CPU
		{A2DD7E5F-4598-45ED-A414-3FADDB85D587}.Release|iPhoneSimulator.Build.0 = Release|Any CPU
		{5CC5D6A0-E354-4621-B54A-1413A94EF063}.Debug|Any CPU.ActiveCfg = Debug|Any CPU
		{5CC5D6A0-E354-4621-B54A-1413A94EF063}.Debug|Any CPU.Build.0 = Debug|Any CPU
		{5CC5D6A0-E354-4621-B54A-1413A94EF063}.Debug|iPhone.ActiveCfg = Debug|Any CPU
		{5CC5D6A0-E354-4621-B54A-1413A94EF063}.Debug|iPhone.Build.0 = Debug|Any CPU
		{5CC5D6A0-E354-4621-B54A-1413A94EF063}.Debug|iPhoneSimulator.ActiveCfg = Debug|Any CPU
		{5CC5D6A0-E354-4621-B54A-1413A94EF063}.Debug|iPhoneSimulator.Build.0 = Debug|Any CPU
		{5CC5D6A0-E354-4621-B54A-1413A94EF063}.Release|Any CPU.ActiveCfg = Release|Any CPU
		{5CC5D6A0-E354-4621-B54A-1413A94EF063}.Release|Any CPU.Build.0 = Release|Any CPU
		{5CC5D6A0-E354-4621-B54A-1413A94EF063}.Release|iPhone.ActiveCfg = Release|Any CPU
		{5CC5D6A0-E354-4621-B54A-1413A94EF063}.Release|iPhone.Build.0 = Release|Any CPU
		{5CC5D6A0-E354-4621-B54A-1413A94EF063}.Release|iPhoneSimulator.ActiveCfg = Release|Any CPU
		{5CC5D6A0-E354-4621-B54A-1413A94EF063}.Release|iPhoneSimulator.Build.0 = Release|Any CPU
		{AE6B3A70-59A5-42D9-9C42-F253FED61554}.Debug|Any CPU.ActiveCfg = Debug|Any CPU
		{AE6B3A70-59A5-42D9-9C42-F253FED61554}.Debug|Any CPU.Build.0 = Debug|Any CPU
		{AE6B3A70-59A5-42D9-9C42-F253FED61554}.Debug|iPhone.ActiveCfg = Debug|Any CPU
		{AE6B3A70-59A5-42D9-9C42-F253FED61554}.Debug|iPhone.Build.0 = Debug|Any CPU
		{AE6B3A70-59A5-42D9-9C42-F253FED61554}.Debug|iPhoneSimulator.ActiveCfg = Debug|Any CPU
		{AE6B3A70-59A5-42D9-9C42-F253FED61554}.Debug|iPhoneSimulator.Build.0 = Debug|Any CPU
		{AE6B3A70-59A5-42D9-9C42-F253FED61554}.Release|Any CPU.ActiveCfg = Release|Any CPU
		{AE6B3A70-59A5-42D9-9C42-F253FED61554}.Release|Any CPU.Build.0 = Release|Any CPU
		{AE6B3A70-59A5-42D9-9C42-F253FED61554}.Release|iPhone.ActiveCfg = Release|Any CPU
		{AE6B3A70-59A5-42D9-9C42-F253FED61554}.Release|iPhone.Build.0 = Release|Any CPU
		{AE6B3A70-59A5-42D9-9C42-F253FED61554}.Release|iPhoneSimulator.ActiveCfg = Release|Any CPU
		{AE6B3A70-59A5-42D9-9C42-F253FED61554}.Release|iPhoneSimulator.Build.0 = Release|Any CPU
		{3D732876-4002-4908-A615-F06514A29D41}.Debug|Any CPU.ActiveCfg = Debug|Any CPU
		{3D732876-4002-4908-A615-F06514A29D41}.Debug|Any CPU.Build.0 = Debug|Any CPU
		{3D732876-4002-4908-A615-F06514A29D41}.Debug|iPhone.ActiveCfg = Debug|Any CPU
		{3D732876-4002-4908-A615-F06514A29D41}.Debug|iPhone.Build.0 = Debug|Any CPU
		{3D732876-4002-4908-A615-F06514A29D41}.Debug|iPhoneSimulator.ActiveCfg = Debug|Any CPU
		{3D732876-4002-4908-A615-F06514A29D41}.Debug|iPhoneSimulator.Build.0 = Debug|Any CPU
		{3D732876-4002-4908-A615-F06514A29D41}.Release|Any CPU.ActiveCfg = Release|Any CPU
		{3D732876-4002-4908-A615-F06514A29D41}.Release|Any CPU.Build.0 = Release|Any CPU
		{3D732876-4002-4908-A615-F06514A29D41}.Release|iPhone.ActiveCfg = Release|Any CPU
		{3D732876-4002-4908-A615-F06514A29D41}.Release|iPhone.Build.0 = Release|Any CPU
		{3D732876-4002-4908-A615-F06514A29D41}.Release|iPhoneSimulator.ActiveCfg = Release|Any CPU
		{3D732876-4002-4908-A615-F06514A29D41}.Release|iPhoneSimulator.Build.0 = Release|Any CPU
		{1EA00C5C-65D4-4EB0-BC31-3F391AFF7C10}.Debug|Any CPU.ActiveCfg = Debug|Any CPU
		{1EA00C5C-65D4-4EB0-BC31-3F391AFF7C10}.Debug|Any CPU.Build.0 = Debug|Any CPU
		{1EA00C5C-65D4-4EB0-BC31-3F391AFF7C10}.Debug|Any CPU.Deploy.0 = Debug|Any CPU
		{1EA00C5C-65D4-4EB0-BC31-3F391AFF7C10}.Debug|iPhone.ActiveCfg = Debug|Any CPU
		{1EA00C5C-65D4-4EB0-BC31-3F391AFF7C10}.Debug|iPhone.Build.0 = Debug|Any CPU
		{1EA00C5C-65D4-4EB0-BC31-3F391AFF7C10}.Debug|iPhone.Deploy.0 = Debug|Any CPU
		{1EA00C5C-65D4-4EB0-BC31-3F391AFF7C10}.Debug|iPhoneSimulator.ActiveCfg = Debug|Any CPU
		{1EA00C5C-65D4-4EB0-BC31-3F391AFF7C10}.Debug|iPhoneSimulator.Build.0 = Debug|Any CPU
		{1EA00C5C-65D4-4EB0-BC31-3F391AFF7C10}.Debug|iPhoneSimulator.Deploy.0 = Debug|Any CPU
		{1EA00C5C-65D4-4EB0-BC31-3F391AFF7C10}.Release|Any CPU.ActiveCfg = Release|Any CPU
		{1EA00C5C-65D4-4EB0-BC31-3F391AFF7C10}.Release|Any CPU.Build.0 = Release|Any CPU
		{1EA00C5C-65D4-4EB0-BC31-3F391AFF7C10}.Release|Any CPU.Deploy.0 = Release|Any CPU
		{1EA00C5C-65D4-4EB0-BC31-3F391AFF7C10}.Release|iPhone.ActiveCfg = Release|Any CPU
		{1EA00C5C-65D4-4EB0-BC31-3F391AFF7C10}.Release|iPhone.Build.0 = Release|Any CPU
		{1EA00C5C-65D4-4EB0-BC31-3F391AFF7C10}.Release|iPhone.Deploy.0 = Release|Any CPU
		{1EA00C5C-65D4-4EB0-BC31-3F391AFF7C10}.Release|iPhoneSimulator.ActiveCfg = Release|Any CPU
		{1EA00C5C-65D4-4EB0-BC31-3F391AFF7C10}.Release|iPhoneSimulator.Build.0 = Release|Any CPU
		{1EA00C5C-65D4-4EB0-BC31-3F391AFF7C10}.Release|iPhoneSimulator.Deploy.0 = Release|Any CPU
		{8B14AB21-0175-4C5E-B93F-99D6B9B605CB}.Debug|Any CPU.ActiveCfg = Debug|iPhoneSimulator
		{8B14AB21-0175-4C5E-B93F-99D6B9B605CB}.Debug|Any CPU.Build.0 = Debug|iPhoneSimulator
		{8B14AB21-0175-4C5E-B93F-99D6B9B605CB}.Debug|iPhone.ActiveCfg = Debug|iPhone
		{8B14AB21-0175-4C5E-B93F-99D6B9B605CB}.Debug|iPhone.Build.0 = Debug|iPhone
		{8B14AB21-0175-4C5E-B93F-99D6B9B605CB}.Debug|iPhoneSimulator.ActiveCfg = Debug|iPhoneSimulator
		{8B14AB21-0175-4C5E-B93F-99D6B9B605CB}.Debug|iPhoneSimulator.Build.0 = Debug|iPhoneSimulator
		{8B14AB21-0175-4C5E-B93F-99D6B9B605CB}.Release|Any CPU.ActiveCfg = Release|iPhoneSimulator
		{8B14AB21-0175-4C5E-B93F-99D6B9B605CB}.Release|Any CPU.Build.0 = Release|iPhoneSimulator
		{8B14AB21-0175-4C5E-B93F-99D6B9B605CB}.Release|iPhone.ActiveCfg = Release|iPhone
		{8B14AB21-0175-4C5E-B93F-99D6B9B605CB}.Release|iPhone.Build.0 = Release|iPhone
		{8B14AB21-0175-4C5E-B93F-99D6B9B605CB}.Release|iPhoneSimulator.ActiveCfg = Release|iPhoneSimulator
		{8B14AB21-0175-4C5E-B93F-99D6B9B605CB}.Release|iPhoneSimulator.Build.0 = Release|iPhoneSimulator
		{87F3887A-77FF-4856-83AB-D42189270490}.Debug|Any CPU.ActiveCfg = Debug|Any CPU
		{87F3887A-77FF-4856-83AB-D42189270490}.Debug|Any CPU.Build.0 = Debug|Any CPU
		{87F3887A-77FF-4856-83AB-D42189270490}.Debug|iPhone.ActiveCfg = Debug|Any CPU
		{87F3887A-77FF-4856-83AB-D42189270490}.Debug|iPhone.Build.0 = Debug|Any CPU
		{87F3887A-77FF-4856-83AB-D42189270490}.Debug|iPhoneSimulator.ActiveCfg = Debug|Any CPU
		{87F3887A-77FF-4856-83AB-D42189270490}.Debug|iPhoneSimulator.Build.0 = Debug|Any CPU
		{87F3887A-77FF-4856-83AB-D42189270490}.Release|Any CPU.ActiveCfg = Release|Any CPU
		{87F3887A-77FF-4856-83AB-D42189270490}.Release|Any CPU.Build.0 = Release|Any CPU
		{87F3887A-77FF-4856-83AB-D42189270490}.Release|iPhone.ActiveCfg = Release|Any CPU
		{87F3887A-77FF-4856-83AB-D42189270490}.Release|iPhone.Build.0 = Release|Any CPU
		{87F3887A-77FF-4856-83AB-D42189270490}.Release|iPhoneSimulator.ActiveCfg = Release|Any CPU
		{87F3887A-77FF-4856-83AB-D42189270490}.Release|iPhoneSimulator.Build.0 = Release|Any CPU
		{08B5B19C-297E-4040-A278-2E7F0E821411}.Debug|Any CPU.ActiveCfg = Debug|Any CPU
		{08B5B19C-297E-4040-A278-2E7F0E821411}.Debug|Any CPU.Build.0 = Debug|Any CPU
		{08B5B19C-297E-4040-A278-2E7F0E821411}.Debug|Any CPU.Deploy.0 = Debug|Any CPU
		{08B5B19C-297E-4040-A278-2E7F0E821411}.Debug|iPhone.ActiveCfg = Debug|Any CPU
		{08B5B19C-297E-4040-A278-2E7F0E821411}.Debug|iPhone.Build.0 = Debug|Any CPU
		{08B5B19C-297E-4040-A278-2E7F0E821411}.Debug|iPhone.Deploy.0 = Debug|Any CPU
		{08B5B19C-297E-4040-A278-2E7F0E821411}.Debug|iPhoneSimulator.ActiveCfg = Debug|Any CPU
		{08B5B19C-297E-4040-A278-2E7F0E821411}.Debug|iPhoneSimulator.Build.0 = Debug|Any CPU
		{08B5B19C-297E-4040-A278-2E7F0E821411}.Debug|iPhoneSimulator.Deploy.0 = Debug|Any CPU
		{08B5B19C-297E-4040-A278-2E7F0E821411}.Release|Any CPU.ActiveCfg = Release|Any CPU
		{08B5B19C-297E-4040-A278-2E7F0E821411}.Release|Any CPU.Build.0 = Release|Any CPU
		{08B5B19C-297E-4040-A278-2E7F0E821411}.Release|Any CPU.Deploy.0 = Release|Any CPU
		{08B5B19C-297E-4040-A278-2E7F0E821411}.Release|iPhone.ActiveCfg = Release|Any CPU
		{08B5B19C-297E-4040-A278-2E7F0E821411}.Release|iPhone.Build.0 = Release|Any CPU
		{08B5B19C-297E-4040-A278-2E7F0E821411}.Release|iPhone.Deploy.0 = Release|Any CPU
		{08B5B19C-297E-4040-A278-2E7F0E821411}.Release|iPhoneSimulator.ActiveCfg = Release|Any CPU
		{08B5B19C-297E-4040-A278-2E7F0E821411}.Release|iPhoneSimulator.Build.0 = Release|Any CPU
		{08B5B19C-297E-4040-A278-2E7F0E821411}.Release|iPhoneSimulator.Deploy.0 = Release|Any CPU
		{4C072ACF-27E1-468E-83BE-8E49B75FCA01}.Debug|Any CPU.ActiveCfg = Debug|Any CPU
		{4C072ACF-27E1-468E-83BE-8E49B75FCA01}.Debug|Any CPU.Build.0 = Debug|Any CPU
		{4C072ACF-27E1-468E-83BE-8E49B75FCA01}.Debug|iPhone.ActiveCfg = Debug|Any CPU
		{4C072ACF-27E1-468E-83BE-8E49B75FCA01}.Debug|iPhone.Build.0 = Debug|Any CPU
		{4C072ACF-27E1-468E-83BE-8E49B75FCA01}.Debug|iPhoneSimulator.ActiveCfg = Debug|Any CPU
		{4C072ACF-27E1-468E-83BE-8E49B75FCA01}.Debug|iPhoneSimulator.Build.0 = Debug|Any CPU
		{4C072ACF-27E1-468E-83BE-8E49B75FCA01}.Release|Any CPU.ActiveCfg = Release|Any CPU
		{4C072ACF-27E1-468E-83BE-8E49B75FCA01}.Release|Any CPU.Build.0 = Release|Any CPU
		{4C072ACF-27E1-468E-83BE-8E49B75FCA01}.Release|iPhone.ActiveCfg = Release|Any CPU
		{4C072ACF-27E1-468E-83BE-8E49B75FCA01}.Release|iPhone.Build.0 = Release|Any CPU
		{4C072ACF-27E1-468E-83BE-8E49B75FCA01}.Release|iPhoneSimulator.ActiveCfg = Release|Any CPU
		{4C072ACF-27E1-468E-83BE-8E49B75FCA01}.Release|iPhoneSimulator.Build.0 = Release|Any CPU
		{D85220B0-B3EB-45C0-8F1A-8989E39B708B}.Debug|Any CPU.ActiveCfg = Debug|Any CPU
		{D85220B0-B3EB-45C0-8F1A-8989E39B708B}.Debug|Any CPU.Build.0 = Debug|Any CPU
		{D85220B0-B3EB-45C0-8F1A-8989E39B708B}.Debug|Any CPU.Deploy.0 = Debug|Any CPU
		{D85220B0-B3EB-45C0-8F1A-8989E39B708B}.Debug|iPhone.ActiveCfg = Debug|Any CPU
		{D85220B0-B3EB-45C0-8F1A-8989E39B708B}.Debug|iPhone.Build.0 = Debug|Any CPU
		{D85220B0-B3EB-45C0-8F1A-8989E39B708B}.Debug|iPhone.Deploy.0 = Debug|Any CPU
		{D85220B0-B3EB-45C0-8F1A-8989E39B708B}.Debug|iPhoneSimulator.ActiveCfg = Debug|Any CPU
		{D85220B0-B3EB-45C0-8F1A-8989E39B708B}.Debug|iPhoneSimulator.Build.0 = Debug|Any CPU
		{D85220B0-B3EB-45C0-8F1A-8989E39B708B}.Debug|iPhoneSimulator.Deploy.0 = Debug|Any CPU
		{D85220B0-B3EB-45C0-8F1A-8989E39B708B}.Release|Any CPU.ActiveCfg = Release|Any CPU
		{D85220B0-B3EB-45C0-8F1A-8989E39B708B}.Release|Any CPU.Build.0 = Release|Any CPU
		{D85220B0-B3EB-45C0-8F1A-8989E39B708B}.Release|Any CPU.Deploy.0 = Release|Any CPU
		{D85220B0-B3EB-45C0-8F1A-8989E39B708B}.Release|iPhone.ActiveCfg = Release|Any CPU
		{D85220B0-B3EB-45C0-8F1A-8989E39B708B}.Release|iPhone.Build.0 = Release|Any CPU
		{D85220B0-B3EB-45C0-8F1A-8989E39B708B}.Release|iPhone.Deploy.0 = Release|Any CPU
		{D85220B0-B3EB-45C0-8F1A-8989E39B708B}.Release|iPhoneSimulator.ActiveCfg = Release|Any CPU
		{D85220B0-B3EB-45C0-8F1A-8989E39B708B}.Release|iPhoneSimulator.Build.0 = Release|Any CPU
		{D85220B0-B3EB-45C0-8F1A-8989E39B708B}.Release|iPhoneSimulator.Deploy.0 = Release|Any CPU
		{863F22C0-BCC0-474D-BF16-2F5D80444922}.Debug|Any CPU.ActiveCfg = Debug|Any CPU
		{863F22C0-BCC0-474D-BF16-2F5D80444922}.Debug|Any CPU.Build.0 = Debug|Any CPU
		{863F22C0-BCC0-474D-BF16-2F5D80444922}.Debug|iPhone.ActiveCfg = Debug|Any CPU
		{863F22C0-BCC0-474D-BF16-2F5D80444922}.Debug|iPhone.Build.0 = Debug|Any CPU
		{863F22C0-BCC0-474D-BF16-2F5D80444922}.Debug|iPhoneSimulator.ActiveCfg = Debug|Any CPU
		{863F22C0-BCC0-474D-BF16-2F5D80444922}.Debug|iPhoneSimulator.Build.0 = Debug|Any CPU
		{863F22C0-BCC0-474D-BF16-2F5D80444922}.Release|Any CPU.ActiveCfg = Release|Any CPU
		{863F22C0-BCC0-474D-BF16-2F5D80444922}.Release|Any CPU.Build.0 = Release|Any CPU
		{863F22C0-BCC0-474D-BF16-2F5D80444922}.Release|iPhone.ActiveCfg = Release|Any CPU
		{863F22C0-BCC0-474D-BF16-2F5D80444922}.Release|iPhone.Build.0 = Release|Any CPU
		{863F22C0-BCC0-474D-BF16-2F5D80444922}.Release|iPhoneSimulator.ActiveCfg = Release|Any CPU
		{863F22C0-BCC0-474D-BF16-2F5D80444922}.Release|iPhoneSimulator.Build.0 = Release|Any CPU
		{123A564D-35DB-4431-9D55-4A18D3228E28}.Debug|Any CPU.ActiveCfg = Debug|Any CPU
		{123A564D-35DB-4431-9D55-4A18D3228E28}.Debug|Any CPU.Build.0 = Debug|Any CPU
		{123A564D-35DB-4431-9D55-4A18D3228E28}.Debug|Any CPU.Deploy.0 = Debug|Any CPU
		{123A564D-35DB-4431-9D55-4A18D3228E28}.Debug|iPhone.ActiveCfg = Debug|Any CPU
		{123A564D-35DB-4431-9D55-4A18D3228E28}.Debug|iPhone.Build.0 = Debug|Any CPU
		{123A564D-35DB-4431-9D55-4A18D3228E28}.Debug|iPhone.Deploy.0 = Debug|Any CPU
		{123A564D-35DB-4431-9D55-4A18D3228E28}.Debug|iPhoneSimulator.ActiveCfg = Debug|Any CPU
		{123A564D-35DB-4431-9D55-4A18D3228E28}.Debug|iPhoneSimulator.Build.0 = Debug|Any CPU
		{123A564D-35DB-4431-9D55-4A18D3228E28}.Debug|iPhoneSimulator.Deploy.0 = Debug|Any CPU
		{123A564D-35DB-4431-9D55-4A18D3228E28}.Release|Any CPU.ActiveCfg = Release|Any CPU
		{123A564D-35DB-4431-9D55-4A18D3228E28}.Release|Any CPU.Build.0 = Release|Any CPU
		{123A564D-35DB-4431-9D55-4A18D3228E28}.Release|Any CPU.Deploy.0 = Release|Any CPU
		{123A564D-35DB-4431-9D55-4A18D3228E28}.Release|iPhone.ActiveCfg = Release|Any CPU
		{123A564D-35DB-4431-9D55-4A18D3228E28}.Release|iPhone.Build.0 = Release|Any CPU
		{123A564D-35DB-4431-9D55-4A18D3228E28}.Release|iPhone.Deploy.0 = Release|Any CPU
		{123A564D-35DB-4431-9D55-4A18D3228E28}.Release|iPhoneSimulator.ActiveCfg = Release|Any CPU
		{123A564D-35DB-4431-9D55-4A18D3228E28}.Release|iPhoneSimulator.Build.0 = Release|Any CPU
		{123A564D-35DB-4431-9D55-4A18D3228E28}.Release|iPhoneSimulator.Deploy.0 = Release|Any CPU
		{1DF160CE-FDD7-4B46-99DC-E709B48598CE}.Debug|Any CPU.ActiveCfg = Debug|Any CPU
		{1DF160CE-FDD7-4B46-99DC-E709B48598CE}.Debug|Any CPU.Build.0 = Debug|Any CPU
		{1DF160CE-FDD7-4B46-99DC-E709B48598CE}.Debug|iPhone.ActiveCfg = Debug|Any CPU
		{1DF160CE-FDD7-4B46-99DC-E709B48598CE}.Debug|iPhone.Build.0 = Debug|Any CPU
		{1DF160CE-FDD7-4B46-99DC-E709B48598CE}.Debug|iPhoneSimulator.ActiveCfg = Debug|Any CPU
		{1DF160CE-FDD7-4B46-99DC-E709B48598CE}.Debug|iPhoneSimulator.Build.0 = Debug|Any CPU
		{1DF160CE-FDD7-4B46-99DC-E709B48598CE}.Release|Any CPU.ActiveCfg = Release|Any CPU
		{1DF160CE-FDD7-4B46-99DC-E709B48598CE}.Release|Any CPU.Build.0 = Release|Any CPU
		{1DF160CE-FDD7-4B46-99DC-E709B48598CE}.Release|iPhone.ActiveCfg = Release|Any CPU
		{1DF160CE-FDD7-4B46-99DC-E709B48598CE}.Release|iPhone.Build.0 = Release|Any CPU
		{1DF160CE-FDD7-4B46-99DC-E709B48598CE}.Release|iPhoneSimulator.ActiveCfg = Release|Any CPU
		{1DF160CE-FDD7-4B46-99DC-E709B48598CE}.Release|iPhoneSimulator.Build.0 = Release|Any CPU
		{00C1472B-09D8-4AA3-8DBA-956DE23223F7}.Debug|Any CPU.ActiveCfg = Debug|Any CPU
		{00C1472B-09D8-4AA3-8DBA-956DE23223F7}.Debug|Any CPU.Build.0 = Debug|Any CPU
		{00C1472B-09D8-4AA3-8DBA-956DE23223F7}.Debug|Any CPU.Deploy.0 = Debug|Any CPU
		{00C1472B-09D8-4AA3-8DBA-956DE23223F7}.Debug|iPhone.ActiveCfg = Debug|Any CPU
		{00C1472B-09D8-4AA3-8DBA-956DE23223F7}.Debug|iPhone.Build.0 = Debug|Any CPU
		{00C1472B-09D8-4AA3-8DBA-956DE23223F7}.Debug|iPhone.Deploy.0 = Debug|Any CPU
		{00C1472B-09D8-4AA3-8DBA-956DE23223F7}.Debug|iPhoneSimulator.ActiveCfg = Debug|Any CPU
		{00C1472B-09D8-4AA3-8DBA-956DE23223F7}.Debug|iPhoneSimulator.Build.0 = Debug|Any CPU
		{00C1472B-09D8-4AA3-8DBA-956DE23223F7}.Debug|iPhoneSimulator.Deploy.0 = Debug|Any CPU
		{00C1472B-09D8-4AA3-8DBA-956DE23223F7}.Release|Any CPU.ActiveCfg = Release|Any CPU
		{00C1472B-09D8-4AA3-8DBA-956DE23223F7}.Release|Any CPU.Build.0 = Release|Any CPU
		{00C1472B-09D8-4AA3-8DBA-956DE23223F7}.Release|Any CPU.Deploy.0 = Release|Any CPU
		{00C1472B-09D8-4AA3-8DBA-956DE23223F7}.Release|iPhone.ActiveCfg = Release|Any CPU
		{00C1472B-09D8-4AA3-8DBA-956DE23223F7}.Release|iPhone.Build.0 = Release|Any CPU
		{00C1472B-09D8-4AA3-8DBA-956DE23223F7}.Release|iPhone.Deploy.0 = Release|Any CPU
		{00C1472B-09D8-4AA3-8DBA-956DE23223F7}.Release|iPhoneSimulator.ActiveCfg = Release|Any CPU
		{00C1472B-09D8-4AA3-8DBA-956DE23223F7}.Release|iPhoneSimulator.Build.0 = Release|Any CPU
		{00C1472B-09D8-4AA3-8DBA-956DE23223F7}.Release|iPhoneSimulator.Deploy.0 = Release|Any CPU
		{5D3E657C-4CB2-4AA0-B94E-F560A42D0161}.Debug|Any CPU.ActiveCfg = Debug|Any CPU
		{5D3E657C-4CB2-4AA0-B94E-F560A42D0161}.Debug|Any CPU.Build.0 = Debug|Any CPU
		{5D3E657C-4CB2-4AA0-B94E-F560A42D0161}.Debug|iPhone.ActiveCfg = Debug|Any CPU
		{5D3E657C-4CB2-4AA0-B94E-F560A42D0161}.Debug|iPhone.Build.0 = Debug|Any CPU
		{5D3E657C-4CB2-4AA0-B94E-F560A42D0161}.Debug|iPhoneSimulator.ActiveCfg = Debug|Any CPU
		{5D3E657C-4CB2-4AA0-B94E-F560A42D0161}.Debug|iPhoneSimulator.Build.0 = Debug|Any CPU
		{5D3E657C-4CB2-4AA0-B94E-F560A42D0161}.Release|Any CPU.ActiveCfg = Release|Any CPU
		{5D3E657C-4CB2-4AA0-B94E-F560A42D0161}.Release|Any CPU.Build.0 = Release|Any CPU
		{5D3E657C-4CB2-4AA0-B94E-F560A42D0161}.Release|iPhone.ActiveCfg = Release|Any CPU
		{5D3E657C-4CB2-4AA0-B94E-F560A42D0161}.Release|iPhone.Build.0 = Release|Any CPU
		{5D3E657C-4CB2-4AA0-B94E-F560A42D0161}.Release|iPhoneSimulator.ActiveCfg = Release|Any CPU
		{5D3E657C-4CB2-4AA0-B94E-F560A42D0161}.Release|iPhoneSimulator.Build.0 = Release|Any CPU
		{311F2E45-FC3F-481F-97D3-98CF03542F04}.Debug|Any CPU.ActiveCfg = Debug|Any CPU
		{311F2E45-FC3F-481F-97D3-98CF03542F04}.Debug|Any CPU.Build.0 = Debug|Any CPU
		{311F2E45-FC3F-481F-97D3-98CF03542F04}.Debug|Any CPU.Deploy.0 = Debug|Any CPU
		{311F2E45-FC3F-481F-97D3-98CF03542F04}.Debug|iPhone.ActiveCfg = Debug|Any CPU
		{311F2E45-FC3F-481F-97D3-98CF03542F04}.Debug|iPhone.Build.0 = Debug|Any CPU
		{311F2E45-FC3F-481F-97D3-98CF03542F04}.Debug|iPhone.Deploy.0 = Debug|Any CPU
		{311F2E45-FC3F-481F-97D3-98CF03542F04}.Debug|iPhoneSimulator.ActiveCfg = Debug|Any CPU
		{311F2E45-FC3F-481F-97D3-98CF03542F04}.Debug|iPhoneSimulator.Build.0 = Debug|Any CPU
		{311F2E45-FC3F-481F-97D3-98CF03542F04}.Debug|iPhoneSimulator.Deploy.0 = Debug|Any CPU
		{311F2E45-FC3F-481F-97D3-98CF03542F04}.Release|Any CPU.ActiveCfg = Release|Any CPU
		{311F2E45-FC3F-481F-97D3-98CF03542F04}.Release|Any CPU.Build.0 = Release|Any CPU
		{311F2E45-FC3F-481F-97D3-98CF03542F04}.Release|Any CPU.Deploy.0 = Release|Any CPU
		{311F2E45-FC3F-481F-97D3-98CF03542F04}.Release|iPhone.ActiveCfg = Release|Any CPU
		{311F2E45-FC3F-481F-97D3-98CF03542F04}.Release|iPhone.Build.0 = Release|Any CPU
		{311F2E45-FC3F-481F-97D3-98CF03542F04}.Release|iPhone.Deploy.0 = Release|Any CPU
		{311F2E45-FC3F-481F-97D3-98CF03542F04}.Release|iPhoneSimulator.ActiveCfg = Release|Any CPU
		{311F2E45-FC3F-481F-97D3-98CF03542F04}.Release|iPhoneSimulator.Build.0 = Release|Any CPU
		{311F2E45-FC3F-481F-97D3-98CF03542F04}.Release|iPhoneSimulator.Deploy.0 = Release|Any CPU
		{BBA465CC-D2E4-45BF-984E-CF15FE600113}.Debug|Any CPU.ActiveCfg = Debug|Any CPU
		{BBA465CC-D2E4-45BF-984E-CF15FE600113}.Debug|Any CPU.Build.0 = Debug|Any CPU
		{BBA465CC-D2E4-45BF-984E-CF15FE600113}.Debug|iPhone.ActiveCfg = Debug|Any CPU
		{BBA465CC-D2E4-45BF-984E-CF15FE600113}.Debug|iPhone.Build.0 = Debug|Any CPU
		{BBA465CC-D2E4-45BF-984E-CF15FE600113}.Debug|iPhoneSimulator.ActiveCfg = Debug|Any CPU
		{BBA465CC-D2E4-45BF-984E-CF15FE600113}.Debug|iPhoneSimulator.Build.0 = Debug|Any CPU
		{BBA465CC-D2E4-45BF-984E-CF15FE600113}.Release|Any CPU.ActiveCfg = Release|Any CPU
		{BBA465CC-D2E4-45BF-984E-CF15FE600113}.Release|Any CPU.Build.0 = Release|Any CPU
		{BBA465CC-D2E4-45BF-984E-CF15FE600113}.Release|iPhone.ActiveCfg = Release|Any CPU
		{BBA465CC-D2E4-45BF-984E-CF15FE600113}.Release|iPhone.Build.0 = Release|Any CPU
		{BBA465CC-D2E4-45BF-984E-CF15FE600113}.Release|iPhoneSimulator.ActiveCfg = Release|Any CPU
		{BBA465CC-D2E4-45BF-984E-CF15FE600113}.Release|iPhoneSimulator.Build.0 = Release|Any CPU
	EndGlobalSection
	GlobalSection(SolutionProperties) = preSolution
		HideSolutionNode = FALSE
	EndGlobalSection
	GlobalSection(NestedProjects) = preSolution
		{D76D2805-2A64-4CFA-ACEA-0E0EE1A57273} = {50F3C7E6-A57E-4E1D-B68E-7BB6611F0342}
		{FD47B1D5-D29A-4E52-84E2-FFE8ED52E525} = {50F3C7E6-A57E-4E1D-B68E-7BB6611F0342}
		{4AC9FF64-9381-4428-AB26-5C3B430EFBA7} = {50F3C7E6-A57E-4E1D-B68E-7BB6611F0342}
		{74A5AECE-49FE-47B8-9926-266CDA5D594B} = {50F3C7E6-A57E-4E1D-B68E-7BB6611F0342}
		{E4E88294-BFBA-4CF3-A239-645D782C2ED0} = {50F3C7E6-A57E-4E1D-B68E-7BB6611F0342}
		{C877B5DF-949F-4D22-8D13-B65E233BED2C} = {50F3C7E6-A57E-4E1D-B68E-7BB6611F0342}
		{4DD2C882-2C9F-4AF5-932E-1A1EC346E9FC} = {50F3C7E6-A57E-4E1D-B68E-7BB6611F0342}
		{76A3F706-A6A9-4667-8566-1217B7117212} = {5635D3F9-B809-4270-A40D-79FBDEC562E9}
		{2DAE03AB-BFCE-4D14-95E0-C152E193F3C1} = {5635D3F9-B809-4270-A40D-79FBDEC562E9}
		{B455759A-8813-4F9D-BCED-71E07DCBFE52} = {86489907-B300-42C8-8E81-E4718CA4ADA8}
		{86489907-B300-42C8-8E81-E4718CA4ADA8} = {5635D3F9-B809-4270-A40D-79FBDEC562E9}
		{2996769B-4848-4CC8-A3A7-F2AD41D00303} = {86489907-B300-42C8-8E81-E4718CA4ADA8}
		{20021847-027E-4F0B-AE2B-AC6315E3FAE1} = {86489907-B300-42C8-8E81-E4718CA4ADA8}
		{A214DF0C-7372-40EC-B26C-25D694315735} = {6A017BB0-5C0C-45D3-B89F-7E063E1E8786}
		{D7487D5A-D3B8-4E5A-8834-F7F02C881D17} = {6A017BB0-5C0C-45D3-B89F-7E063E1E8786}
		{FA6130AC-9DF2-4CF3-A535-410DCC991CA4} = {6A017BB0-5C0C-45D3-B89F-7E063E1E8786}
		{44073059-3A88-4E8B-AA1E-AEAC1B631670} = {6A017BB0-5C0C-45D3-B89F-7E063E1E8786}
		{7786DBF7-9F39-4ECE-AF7A-7E30AED46C4F} = {6A017BB0-5C0C-45D3-B89F-7E063E1E8786}
		{9BEE4A8D-F946-4247-9A6F-7DD922F974A5} = {7786DBF7-9F39-4ECE-AF7A-7E30AED46C4F}
		{1481F7FC-389E-48D8-8B24-F72B9A181BD4} = {6A017BB0-5C0C-45D3-B89F-7E063E1E8786}
		{645EBE44-3108-401F-B0E1-33011E50D080} = {6A017BB0-5C0C-45D3-B89F-7E063E1E8786}
		{5C95FC32-6978-4468-A0BD-0D8940BB8BFB} = {6A017BB0-5C0C-45D3-B89F-7E063E1E8786}
		{5BBAF83B-18B2-4E0D-B9BC-9B156BB491B7} = {6A017BB0-5C0C-45D3-B89F-7E063E1E8786}
		{0073B186-0F6F-43BF-BEC9-1049CC7B1A60} = {6A017BB0-5C0C-45D3-B89F-7E063E1E8786}
		{DC2EBDBE-63FE-42DF-81B1-9B0A5649DA55} = {6A017BB0-5C0C-45D3-B89F-7E063E1E8786}
		{96EE3BBC-6032-47E1-9BA9-0EFB8A0FB666} = {7786DBF7-9F39-4ECE-AF7A-7E30AED46C4F}
		{A2DD7E5F-4598-45ED-A414-3FADDB85D587} = {6A017BB0-5C0C-45D3-B89F-7E063E1E8786}
		{5CC5D6A0-E354-4621-B54A-1413A94EF063} = {6A017BB0-5C0C-45D3-B89F-7E063E1E8786}
		{AE6B3A70-59A5-42D9-9C42-F253FED61554} = {6A017BB0-5C0C-45D3-B89F-7E063E1E8786}
		{3D732876-4002-4908-A615-F06514A29D41} = {7786DBF7-9F39-4ECE-AF7A-7E30AED46C4F}
		{7A316F4F-171E-4AE1-87BA-4D70D9CB3ACB} = {AFF48AB7-FD79-49E2-BD33-437E1CFB0BEF}
		{1EA00C5C-65D4-4EB0-BC31-3F391AFF7C10} = {7A316F4F-171E-4AE1-87BA-4D70D9CB3ACB}
		{8B14AB21-0175-4C5E-B93F-99D6B9B605CB} = {7A316F4F-171E-4AE1-87BA-4D70D9CB3ACB}
		{87F3887A-77FF-4856-83AB-D42189270490} = {7A316F4F-171E-4AE1-87BA-4D70D9CB3ACB}
		{B722F656-A9F5-42B3-A5A6-179D5E50712E} = {AFF48AB7-FD79-49E2-BD33-437E1CFB0BEF}
		{08B5B19C-297E-4040-A278-2E7F0E821411} = {B722F656-A9F5-42B3-A5A6-179D5E50712E}
		{4C072ACF-27E1-468E-83BE-8E49B75FCA01} = {B722F656-A9F5-42B3-A5A6-179D5E50712E}
		{18BFC172-FF99-4149-A045-BC612375D32E} = {AFF48AB7-FD79-49E2-BD33-437E1CFB0BEF}
		{D85220B0-B3EB-45C0-8F1A-8989E39B708B} = {18BFC172-FF99-4149-A045-BC612375D32E}
		{863F22C0-BCC0-474D-BF16-2F5D80444922} = {18BFC172-FF99-4149-A045-BC612375D32E}
		{123A564D-35DB-4431-9D55-4A18D3228E28} = {18BFC172-FF99-4149-A045-BC612375D32E}
		{1DF160CE-FDD7-4B46-99DC-E709B48598CE} = {18BFC172-FF99-4149-A045-BC612375D32E}
		{309EA1F6-3325-49FA-88D0-617DEA975CDD} = {AFF48AB7-FD79-49E2-BD33-437E1CFB0BEF}
		{00C1472B-09D8-4AA3-8DBA-956DE23223F7} = {309EA1F6-3325-49FA-88D0-617DEA975CDD}
		{5D3E657C-4CB2-4AA0-B94E-F560A42D0161} = {309EA1F6-3325-49FA-88D0-617DEA975CDD}
		{39188011-AFFE-4B3F-BF56-939D4CEED3DB} = {AFF48AB7-FD79-49E2-BD33-437E1CFB0BEF}
		{311F2E45-FC3F-481F-97D3-98CF03542F04} = {39188011-AFFE-4B3F-BF56-939D4CEED3DB}
		{BBA465CC-D2E4-45BF-984E-CF15FE600113} = {39188011-AFFE-4B3F-BF56-939D4CEED3DB}
	EndGlobalSection
	GlobalSection(ExtensibilityGlobals) = postSolution
		SolutionGuid = {169F0A10-6B8E-4738-B336-E97EFF1FEB39}
	EndGlobalSection
EndGlobal
